
Microsoft Visual Studio Solution File, Format Version 12.00
# Visual Studio Version 16
VisualStudioVersion = 16.0.30907.101
MinimumVisualStudioVersion = 10.0.40219.1
Project("{FAE04EC0-301F-11D3-BF4B-00C04F79EFBC}") = "KriptoLearn", "KriptoLearn\KriptoLearn.csproj", "{22EB15A2-EE00-45F2-A486-012398DC45C1}"
EndProject
Global
	GlobalSection(SolutionConfigurationPlatforms) = preSolution
		Debug|Any CPU = Debug|Any CPU
		Release|Any CPU = Release|Any CPU
	EndGlobalSection
	GlobalSection(ProjectConfigurationPlatforms) = postSolution
		{22EB15A2-EE00-45F2-A486-012398DC45C1}.Debug|Any CPU.ActiveCfg = Debug|Any CPU
		{22EB15A2-EE00-45F2-A486-012398DC45C1}.Debug|Any CPU.Build.0 = Debug|Any CPU
		{22EB15A2-EE00-45F2-A486-012398DC45C1}.Release|Any CPU.ActiveCfg = Release|Any CPU
		{22EB15A2-EE00-45F2-A486-012398DC45C1}.Release|Any CPU.Build.0 = Release|Any CPU
	EndGlobalSection
	GlobalSection(SolutionProperties) = preSolution
		HideSolutionNode = FALSE
	EndGlobalSection
	GlobalSection(ExtensibilityGlobals) = postSolution
		SolutionGuid = {AFA34FB8-6597-4D82-9436-1930A1E8B33E}
	EndGlobalSection
EndGlobal
